
Microsoft Visual Studio Solution File, Format Version 12.00
# Visual Studio Version 17
VisualStudioVersion = 17.0.31612.314
MinimumVisualStudioVersion = 10.0.40219.1
Project("{FAE04EC0-301F-11D3-BF4B-00C04F79EFBC}") = "StatusCodeGenerator", ".\StatusCodeGenerator.csproj", "{995F9F0E-961B-47A8-B914-3A968C1CA2A5}"
EndProject
Global
	GlobalSection(SolutionConfigurationPlatforms) = preSolution
		Debug|Any CPU = Debug|Any CPU
		Release|Any CPU = Release|Any CPU
	EndGlobalSection
	GlobalSection(ProjectConfigurationPlatforms) = postSolution
		{995F9F0E-961B-47A8-B914-3A968C1CA2A5}.Debug|Any CPU.ActiveCfg = Debug|Any CPU
		{995F9F0E-961B-47A8-B914-3A968C1CA2A5}.Debug|Any CPU.Build.0 = Debug|Any CPU
		{995F9F0E-961B-47A8-B914-3A968C1CA2A5}.Release|Any CPU.ActiveCfg = Release|Any CPU
		{995F9F0E-961B-47A8-B914-3A968C1CA2A5}.Release|Any CPU.Build.0 = Release|Any CPU
	EndGlobalSection
	GlobalSection(SolutionProperties) = preSolution
		HideSolutionNode = FALSE
	EndGlobalSection
	GlobalSection(ExtensibilityGlobals) = postSolution
		SolutionGuid = {5E336854-FFF5-4002-AE04-610442C63C4D}
	EndGlobalSection
EndGlobal
